
Microsoft Visual Studio Solution File, Format Version 12.00
# Visual Studio Version 17
VisualStudioVersion = 17.7.34202.233
MinimumVisualStudioVersion = 10.0.40219.1
Project("{FAE04EC0-301F-11D3-BF4B-00C04F79EFBC}") = "DETHITHU1", "DETHITHU1\DETHITHU1.csproj", "{DF693DA5-35B4-4F80-AAEA-39FFF4E0CD90}"
EndProject
Global
	GlobalSection(SolutionConfigurationPlatforms) = preSolution
		Debug|Any CPU = Debug|Any CPU
		Release|Any CPU = Release|Any CPU
	EndGlobalSection
	GlobalSection(ProjectConfigurationPlatforms) = postSolution
		{DF693DA5-35B4-4F80-AAEA-39FFF4E0CD90}.Debug|Any CPU.ActiveCfg = Debug|Any CPU
		{DF693DA5-35B4-4F80-AAEA-39FFF4E0CD90}.Debug|Any CPU.Build.0 = Debug|Any CPU
		{DF693DA5-35B4-4F80-AAEA-39FFF4E0CD90}.Release|Any CPU.ActiveCfg = Release|Any CPU
		{DF693DA5-35B4-4F80-AAEA-39FFF4E0CD90}.Release|Any CPU.Build.0 = Release|Any CPU
	EndGlobalSection
	GlobalSection(SolutionProperties) = preSolution
		HideSolutionNode = FALSE
	EndGlobalSection
	GlobalSection(ExtensibilityGlobals) = postSolution
		SolutionGuid = {F9AF2425-A428-482F-A178-0350C81FFA15}
	EndGlobalSection
EndGlobal
